// !$*UTF8*$!
{
	archiveVersion = 1;
	classes = {
	};
	objectVersion = 56;
	objects = {

/* Begin PBXBuildFile section */
		206AD66128F58254001CC9D2 /* MoviesApp.swift in Sources */ = {isa = PBXBuildFile; fileRef = 206AD66028F58254001CC9D2 /* MoviesApp.swift */; };
		206AD66328F58254001CC9D2 /* ContentView.swift in Sources */ = {isa = PBXBuildFile; fileRef = 206AD66228F58254001CC9D2 /* ContentView.swift */; };
		206AD66528F58256001CC9D2 /* Assets.xcassets in Resources */ = {isa = PBXBuildFile; fileRef = 206AD66428F58256001CC9D2 /* Assets.xcassets */; };
		206AD66828F58256001CC9D2 /* Preview Assets.xcassets in Resources */ = {isa = PBXBuildFile; fileRef = 206AD66728F58256001CC9D2 /* Preview Assets.xcassets */; };
		206AD66A28F58256001CC9D2 /* Persistence.swift in Sources */ = {isa = PBXBuildFile; fileRef = 206AD66928F58256001CC9D2 /* Persistence.swift */; };
		206AD66D28F58256001CC9D2 /* Movies.xcdatamodeld in Sources */ = {isa = PBXBuildFile; fileRef = 206AD66B28F58256001CC9D2 /* Movies.xcdatamodeld */; };
		206AD67728F58256001CC9D2 /* MoviesTests.swift in Sources */ = {isa = PBXBuildFile; fileRef = 206AD67628F58256001CC9D2 /* MoviesTests.swift */; };
		206AD68128F58256001CC9D2 /* MoviesUITests.swift in Sources */ = {isa = PBXBuildFile; fileRef = 206AD68028F58256001CC9D2 /* MoviesUITests.swift */; };
		206AD68328F58256001CC9D2 /* MoviesUITestsLaunchTests.swift in Sources */ = {isa = PBXBuildFile; fileRef = 206AD68228F58256001CC9D2 /* MoviesUITestsLaunchTests.swift */; };
		206AD69028F5845E001CC9D2 /* MovieStore.swift in Sources */ = {isa = PBXBuildFile; fileRef = 206AD68F28F5845E001CC9D2 /* MovieStore.swift */; };
		206AD69228F58E2B001CC9D2 /* ImageLoader.swift in Sources */ = {isa = PBXBuildFile; fileRef = 206AD69128F58E2B001CC9D2 /* ImageLoader.swift */; };
		206AD69428F58F83001CC9D2 /* URLImage.swift in Sources */ = {isa = PBXBuildFile; fileRef = 206AD69328F58F83001CC9D2 /* URLImage.swift */; };
/* End PBXBuildFile section */

/* Begin PBXContainerItemProxy section */
		206AD67328F58256001CC9D2 /* PBXContainerItemProxy */ = {
			isa = PBXContainerItemProxy;
			containerPortal = 206AD65528F58254001CC9D2 /* Project object */;
			proxyType = 1;
			remoteGlobalIDString = 206AD65C28F58254001CC9D2;
			remoteInfo = Movies;
		};
		206AD67D28F58256001CC9D2 /* PBXContainerItemProxy */ = {
			isa = PBXContainerItemProxy;
			containerPortal = 206AD65528F58254001CC9D2 /* Project object */;
			proxyType = 1;
			remoteGlobalIDString = 206AD65C28F58254001CC9D2;
			remoteInfo = Movies;
		};
/* End PBXContainerItemProxy section */

/* Begin PBXFileReference section */
		206AD65D28F58254001CC9D2 /* Movies.app */ = {isa = PBXFileReference; explicitFileType = wrapper.application; includeInIndex = 0; path = Movies.app; sourceTree = BUILT_PRODUCTS_DIR; };
		206AD66028F58254001CC9D2 /* MoviesApp.swift */ = {isa = PBXFileReference; lastKnownFileType = sourcecode.swift; path = MoviesApp.swift; sourceTree = "<group>"; };
		206AD66228F58254001CC9D2 /* ContentView.swift */ = {isa = PBXFileReference; lastKnownFileType = sourcecode.swift; path = ContentView.swift; sourceTree = "<group>"; };
		206AD66428F58256001CC9D2 /* Assets.xcassets */ = {isa = PBXFileReference; lastKnownFileType = folder.assetcatalog; path = Assets.xcassets; sourceTree = "<group>"; };
		206AD66728F58256001CC9D2 /* Preview Assets.xcassets */ = {isa = PBXFileReference; lastKnownFileType = folder.assetcatalog; path = "Preview Assets.xcassets"; sourceTree = "<group>"; };
		206AD66928F58256001CC9D2 /* Persistence.swift */ = {isa = PBXFileReference; lastKnownFileType = sourcecode.swift; path = Persistence.swift; sourceTree = "<group>"; };
		206AD66C28F58256001CC9D2 /* Movies.xcdatamodel */ = {isa = PBXFileReference; lastKnownFileType = wrapper.xcdatamodel; path = Movies.xcdatamodel; sourceTree = "<group>"; };
		206AD67228F58256001CC9D2 /* MoviesTests.xctest */ = {isa = PBXFileReference; explicitFileType = wrapper.cfbundle; includeInIndex = 0; path = MoviesTests.xctest; sourceTree = BUILT_PRODUCTS_DIR; };
		206AD67628F58256001CC9D2 /* MoviesTests.swift */ = {isa = PBXFileReference; lastKnownFileType = sourcecode.swift; path = MoviesTests.swift; sourceTree = "<group>"; };
		206AD67C28F58256001CC9D2 /* MoviesUITests.xctest */ = {isa = PBXFileReference; explicitFileType = wrapper.cfbundle; includeInIndex = 0; path = MoviesUITests.xctest; sourceTree = BUILT_PRODUCTS_DIR; };
		206AD68028F58256001CC9D2 /* MoviesUITests.swift */ = {isa = PBXFileReference; lastKnownFileType = sourcecode.swift; path = MoviesUITests.swift; sourceTree = "<group>"; };
		206AD68228F58256001CC9D2 /* MoviesUITestsLaunchTests.swift */ = {isa = PBXFileReference; lastKnownFileType = sourcecode.swift; path = MoviesUITestsLaunchTests.swift; sourceTree = "<group>"; };
		206AD68F28F5845E001CC9D2 /* MovieStore.swift */ = {isa = PBXFileReference; lastKnownFileType = sourcecode.swift; path = MovieStore.swift; sourceTree = "<group>"; };
		206AD69128F58E2B001CC9D2 /* ImageLoader.swift */ = {isa = PBXFileReference; lastKnownFileType = sourcecode.swift; path = ImageLoader.swift; sourceTree = "<group>"; };
		206AD69328F58F83001CC9D2 /* URLImage.swift */ = {isa = PBXFileReference; lastKnownFileType = sourcecode.swift; path = URLImage.swift; sourceTree = "<group>"; };
/* End PBXFileReference section */

/* Begin PBXFrameworksBuildPhase section */
		206AD65A28F58254001CC9D2 /* Frameworks */ = {
			isa = PBXFrameworksBuildPhase;
			buildActionMask = 2147483647;
			files = (
			);
			runOnlyForDeploymentPostprocessing = 0;
		};
		206AD66F28F58256001CC9D2 /* Frameworks */ = {
			isa = PBXFrameworksBuildPhase;
			buildActionMask = 2147483647;
			files = (
			);
			runOnlyForDeploymentPostprocessing = 0;
		};
		206AD67928F58256001CC9D2 /* Frameworks */ = {
			isa = PBXFrameworksBuildPhase;
			buildActionMask = 2147483647;
			files = (
			);
			runOnlyForDeploymentPostprocessing = 0;
		};
/* End PBXFrameworksBuildPhase section */

/* Begin PBXGroup section */
		206AD65428F58254001CC9D2 = {
			isa = PBXGroup;
			children = (
				206AD69328F58F83001CC9D2 /* URLImage.swift */,
				206AD69128F58E2B001CC9D2 /* ImageLoader.swift */,
				206AD65F28F58254001CC9D2 /* Movies */,
				206AD67528F58256001CC9D2 /* MoviesTests */,
				206AD67F28F58256001CC9D2 /* MoviesUITests */,
				206AD65E28F58254001CC9D2 /* Products */,
			);
			sourceTree = "<group>";
		};
		206AD65E28F58254001CC9D2 /* Products */ = {
			isa = PBXGroup;
			children = (
				206AD65D28F58254001CC9D2 /* Movies.app */,
				206AD67228F58256001CC9D2 /* MoviesTests.xctest */,
				206AD67C28F58256001CC9D2 /* MoviesUITests.xctest */,
			);
			name = Products;
			sourceTree = "<group>";
		};
		206AD65F28F58254001CC9D2 /* Movies */ = {
			isa = PBXGroup;
			children = (
				206AD66028F58254001CC9D2 /* MoviesApp.swift */,
				206AD66228F58254001CC9D2 /* ContentView.swift */,
				206AD66428F58256001CC9D2 /* Assets.xcassets */,
				206AD66928F58256001CC9D2 /* Persistence.swift */,
				206AD66B28F58256001CC9D2 /* Movies.xcdatamodeld */,
				206AD66628F58256001CC9D2 /* Preview Content */,
				206AD68F28F5845E001CC9D2 /* MovieStore.swift */,
			);
			path = Movies;
			sourceTree = "<group>";
		};
		206AD66628F58256001CC9D2 /* Preview Content */ = {
			isa = PBXGroup;
			children = (
				206AD66728F58256001CC9D2 /* Preview Assets.xcassets */,
			);
			path = "Preview Content";
			sourceTree = "<group>";
		};
		206AD67528F58256001CC9D2 /* MoviesTests */ = {
			isa = PBXGroup;
			children = (
				206AD67628F58256001CC9D2 /* MoviesTests.swift */,
			);
			path = MoviesTests;
			sourceTree = "<group>";
		};
		206AD67F28F58256001CC9D2 /* MoviesUITests */ = {
			isa = PBXGroup;
			children = (
				206AD68028F58256001CC9D2 /* MoviesUITests.swift */,
				206AD68228F58256001CC9D2 /* MoviesUITestsLaunchTests.swift */,
			);
			path = MoviesUITests;
			sourceTree = "<group>";
		};
/* End PBXGroup section */

/* Begin PBXNativeTarget section */
		206AD65C28F58254001CC9D2 /* Movies */ = {
			isa = PBXNativeTarget;
			buildConfigurationList = 206AD68628F58256001CC9D2 /* Build configuration list for PBXNativeTarget "Movies" */;
			buildPhases = (
				206AD65928F58254001CC9D2 /* Sources */,
				206AD65A28F58254001CC9D2 /* Frameworks */,
				206AD65B28F58254001CC9D2 /* Resources */,
			);
			buildRules = (
			);
			dependencies = (
			);
			name = Movies;
			productName = Movies;
			productReference = 206AD65D28F58254001CC9D2 /* Movies.app */;
			productType = "com.apple.product-type.application";
		};
		206AD67128F58256001CC9D2 /* MoviesTests */ = {
			isa = PBXNativeTarget;
			buildConfigurationList = 206AD68928F58256001CC9D2 /* Build configuration list for PBXNativeTarget "MoviesTests" */;
			buildPhases = (
				206AD66E28F58256001CC9D2 /* Sources */,
				206AD66F28F58256001CC9D2 /* Frameworks */,
				206AD67028F58256001CC9D2 /* Resources */,
			);
			buildRules = (
			);
			dependencies = (
				206AD67428F58256001CC9D2 /* PBXTargetDependency */,
			);
			name = MoviesTests;
			productName = MoviesTests;
			productReference = 206AD67228F58256001CC9D2 /* MoviesTests.xctest */;
			productType = "com.apple.product-type.bundle.unit-test";
		};
		206AD67B28F58256001CC9D2 /* MoviesUITests */ = {
			isa = PBXNativeTarget;
			buildConfigurationList = 206AD68C28F58256001CC9D2 /* Build configuration list for PBXNativeTarget "MoviesUITests" */;
			buildPhases = (
				206AD67828F58256001CC9D2 /* Sources */,
				206AD67928F58256001CC9D2 /* Frameworks */,
				206AD67A28F58256001CC9D2 /* Resources */,
			);
			buildRules = (
			);
			dependencies = (
				206AD67E28F58256001CC9D2 /* PBXTargetDependency */,
			);
			name = MoviesUITests;
			productName = MoviesUITests;
			productReference = 206AD67C28F58256001CC9D2 /* MoviesUITests.xctest */;
			productType = "com.apple.product-type.bundle.ui-testing";
		};
/* End PBXNativeTarget section */

/* Begin PBXProject section */
		206AD65528F58254001CC9D2 /* Project object */ = {
			isa = PBXProject;
			attributes = {
				BuildIndependentTargetsInParallel = 1;
				LastSwiftUpdateCheck = 1400;
				LastUpgradeCheck = 1400;
				TargetAttributes = {
					206AD65C28F58254001CC9D2 = {
						CreatedOnToolsVersion = 14.0.1;
					};
					206AD67128F58256001CC9D2 = {
						CreatedOnToolsVersion = 14.0.1;
						TestTargetID = 206AD65C28F58254001CC9D2;
					};
					206AD67B28F58256001CC9D2 = {
						CreatedOnToolsVersion = 14.0.1;
						TestTargetID = 206AD65C28F58254001CC9D2;
					};
				};
			};
			buildConfigurationList = 206AD65828F58254001CC9D2 /* Build configuration list for PBXProject "Movies" */;
			compatibilityVersion = "Xcode 14.0";
			developmentRegion = en;
			hasScannedForEncodings = 0;
			knownRegions = (
				en,
				Base,
			);
			mainGroup = 206AD65428F58254001CC9D2;
			productRefGroup = 206AD65E28F58254001CC9D2 /* Products */;
			projectDirPath = "";
			projectRoot = "";
			targets = (
				206AD65C28F58254001CC9D2 /* Movies */,
				206AD67128F58256001CC9D2 /* MoviesTests */,
				206AD67B28F58256001CC9D2 /* MoviesUITests */,
			);
		};
/* End PBXProject section */

/* Begin PBXResourcesBuildPhase section */
		206AD65B28F58254001CC9D2 /* Resources */ = {
			isa = PBXResourcesBuildPhase;
			buildActionMask = 2147483647;
			files = (
				206AD66828F58256001CC9D2 /* Preview Assets.xcassets in Resources */,
				206AD66528F58256001CC9D2 /* Assets.xcassets in Resources */,
			);
			runOnlyForDeploymentPostprocessing = 0;
		};
		206AD67028F58256001CC9D2 /* Resources */ = {
			isa = PBXResourcesBuildPhase;
			buildActionMask = 2147483647;
			files = (
			);
			runOnlyForDeploymentPostprocessing = 0;
		};
		206AD67A28F58256001CC9D2 /* Resources */ = {
			isa = PBXResourcesBuildPhase;
			buildActionMask = 2147483647;
			files = (
			);
			runOnlyForDeploymentPostprocessing = 0;
		};
/* End PBXResourcesBuildPhase section */

/* Begin PBXSourcesBuildPhase section */
		206AD65928F58254001CC9D2 /* Sources */ = {
			isa = PBXSourcesBuildPhase;
			buildActionMask = 2147483647;
			files = (
				206AD69428F58F83001CC9D2 /* URLImage.swift in Sources */,
				206AD66A28F58256001CC9D2 /* Persistence.swift in Sources */,
				206AD66328F58254001CC9D2 /* ContentView.swift in Sources */,
				206AD69228F58E2B001CC9D2 /* ImageLoader.swift in Sources */,
				206AD66D28F58256001CC9D2 /* Movies.xcdatamodeld in Sources */,
				206AD66128F58254001CC9D2 /* MoviesApp.swift in Sources */,
				206AD69028F5845E001CC9D2 /* MovieStore.swift in Sources */,
			);
			runOnlyForDeploymentPostprocessing = 0;
		};
		206AD66E28F58256001CC9D2 /* Sources */ = {
			isa = PBXSourcesBuildPhase;
			buildActionMask = 2147483647;
			files = (
				206AD67728F58256001CC9D2 /* MoviesTests.swift in Sources */,
			);
			runOnlyForDeploymentPostprocessing = 0;
		};
		206AD67828F58256001CC9D2 /* Sources */ = {
			isa = PBXSourcesBuildPhase;
			buildActionMask = 2147483647;
			files = (
				206AD68128F58256001CC9D2 /* MoviesUITests.swift in Sources */,
				206AD68328F58256001CC9D2 /* MoviesUITestsLaunchTests.swift in Sources */,
			);
			runOnlyForDeploymentPostprocessing = 0;
		};
/* End PBXSourcesBuildPhase section */

/* Begin PBXTargetDependency section */
		206AD67428F58256001CC9D2 /* PBXTargetDependency */ = {
			isa = PBXTargetDependency;
			target = 206AD65C28F58254001CC9D2 /* Movies */;
			targetProxy = 206AD67328F58256001CC9D2 /* PBXContainerItemProxy */;
		};
		206AD67E28F58256001CC9D2 /* PBXTargetDependency */ = {
			isa = PBXTargetDependency;
			target = 206AD65C28F58254001CC9D2 /* Movies */;
			targetProxy = 206AD67D28F58256001CC9D2 /* PBXContainerItemProxy */;
		};
/* End PBXTargetDependency section */

/* Begin XCBuildConfiguration section */
		206AD68428F58256001CC9D2 /* Debug */ = {
			isa = XCBuildConfiguration;
			buildSettings = {
				ALWAYS_SEARCH_USER_PATHS = NO;
				CLANG_ANALYZER_NONNULL = YES;
				CLANG_ANALYZER_NUMBER_OBJECT_CONVERSION = YES_AGGRESSIVE;
				CLANG_CXX_LANGUAGE_STANDARD = "gnu++20";
				CLANG_ENABLE_MODULES = YES;
				CLANG_ENABLE_OBJC_ARC = YES;
				CLANG_ENABLE_OBJC_WEAK = YES;
				CLANG_WARN_BLOCK_CAPTURE_AUTORELEASING = YES;
				CLANG_WARN_BOOL_CONVERSION = YES;
				CLANG_WARN_COMMA = YES;
				CLANG_WARN_CONSTANT_CONVERSION = YES;
				CLANG_WARN_DEPRECATED_OBJC_IMPLEMENTATIONS = YES;
				CLANG_WARN_DIRECT_OBJC_ISA_USAGE = YES_ERROR;
				CLANG_WARN_DOCUMENTATION_COMMENTS = YES;
				CLANG_WARN_EMPTY_BODY = YES;
				CLANG_WARN_ENUM_CONVERSION = YES;
				CLANG_WARN_INFINITE_RECURSION = YES;
				CLANG_WARN_INT_CONVERSION = YES;
				CLANG_WARN_NON_LITERAL_NULL_CONVERSION = YES;
				CLANG_WARN_OBJC_IMPLICIT_RETAIN_SELF = YES;
				CLANG_WARN_OBJC_LITERAL_CONVERSION = YES;
				CLANG_WARN_OBJC_ROOT_CLASS = YES_ERROR;
				CLANG_WARN_QUOTED_INCLUDE_IN_FRAMEWORK_HEADER = YES;
				CLANG_WARN_RANGE_LOOP_ANALYSIS = YES;
				CLANG_WARN_STRICT_PROTOTYPES = YES;
				CLANG_WARN_SUSPICIOUS_MOVE = YES;
				CLANG_WARN_UNGUARDED_AVAILABILITY = YES_AGGRESSIVE;
				CLANG_WARN_UNREACHABLE_CODE = YES;
				CLANG_WARN__DUPLICATE_METHOD_MATCH = YES;
				COPY_PHASE_STRIP = NO;
				DEBUG_INFORMATION_FORMAT = dwarf;
				ENABLE_STRICT_OBJC_MSGSEND = YES;
				ENABLE_TESTABILITY = YES;
				GCC_C_LANGUAGE_STANDARD = gnu11;
				GCC_DYNAMIC_NO_PIC = NO;
				GCC_NO_COMMON_BLOCKS = YES;
				GCC_OPTIMIZATION_LEVEL = 0;
				GCC_PREPROCESSOR_DEFINITIONS = (
					"DEBUG=1",
					"$(inherited)",
				);
				GCC_WARN_64_TO_32_BIT_CONVERSION = YES;
				GCC_WARN_ABOUT_RETURN_TYPE = YES_ERROR;
				GCC_WARN_UNDECLARED_SELECTOR = YES;
				GCC_WARN_UNINITIALIZED_AUTOS = YES_AGGRESSIVE;
				GCC_WARN_UNUSED_FUNCTION = YES;
				GCC_WARN_UNUSED_VARIABLE = YES;
				IPHONEOS_DEPLOYMENT_TARGET = 16.0;
				MTL_ENABLE_DEBUG_INFO = INCLUDE_SOURCE;
				MTL_FAST_MATH = YES;
				ONLY_ACTIVE_ARCH = YES;
				SDKROOT = iphoneos;
				SWIFT_ACTIVE_COMPILATION_CONDITIONS = DEBUG;
				SWIFT_OPTIMIZATION_LEVEL = "-Onone";
			};
			name = Debug;
		};
		206AD68528F58256001CC9D2 /* Release */ = {
			isa = XCBuildConfiguration;
			buildSettings = {
				ALWAYS_SEARCH_USER_PATHS = NO;
				CLANG_ANALYZER_NONNULL = YES;
				CLANG_ANALYZER_NUMBER_OBJECT_CONVERSION = YES_AGGRESSIVE;
				CLANG_CXX_LANGUAGE_STANDARD = "gnu++20";
				CLANG_ENABLE_MODULES = YES;
				CLANG_ENABLE_OBJC_ARC = YES;
				CLANG_ENABLE_OBJC_WEAK = YES;
				CLANG_WARN_BLOCK_CAPTURE_AUTORELEASING = YES;
				CLANG_WARN_BOOL_CONVERSION = YES;
				CLANG_WARN_COMMA = YES;
				CLANG_WARN_CONSTANT_CONVERSION = YES;
				CLANG_WARN_DEPRECATED_OBJC_IMPLEMENTATIONS = YES;
				CLANG_WARN_DIRECT_OBJC_ISA_USAGE = YES_ERROR;
				CLANG_WARN_DOCUMENTATION_COMMENTS = YES;
				CLANG_WARN_EMPTY_BODY = YES;
				CLANG_WARN_ENUM_CONVERSION = YES;
				CLANG_WARN_INFINITE_RECURSION = YES;
				CLANG_WARN_INT_CONVERSION = YES;
				CLANG_WARN_NON_LITERAL_NULL_CONVERSION = YES;
				CLANG_WARN_OBJC_IMPLICIT_RETAIN_SELF = YES;
				CLANG_WARN_OBJC_LITERAL_CONVERSION = YES;
				CLANG_WARN_OBJC_ROOT_CLASS = YES_ERROR;
				CLANG_WARN_QUOTED_INCLUDE_IN_FRAMEWORK_HEADER = YES;
				CLANG_WARN_RANGE_LOOP_ANALYSIS = YES;
				CLANG_WARN_STRICT_PROTOTYPES = YES;
				CLANG_WARN_SUSPICIOUS_MOVE = YES;
				CLANG_WARN_UNGUARDED_AVAILABILITY = YES_AGGRESSIVE;
				CLANG_WARN_UNREACHABLE_CODE = YES;
				CLANG_WARN__DUPLICATE_METHOD_MATCH = YES;
				COPY_PHASE_STRIP = NO;
				DEBUG_INFORMATION_FORMAT = "dwarf-with-dsym";
				ENABLE_NS_ASSERTIONS = NO;
				ENABLE_STRICT_OBJC_MSGSEND = YES;
				GCC_C_LANGUAGE_STANDARD = gnu11;
				GCC_NO_COMMON_BLOCKS = YES;
				GCC_WARN_64_TO_32_BIT_CONVERSION = YES;
				GCC_WARN_ABOUT_RETURN_TYPE = YES_ERROR;
				GCC_WARN_UNDECLARED_SELECTOR = YES;
				GCC_WARN_UNINITIALIZED_AUTOS = YES_AGGRESSIVE;
				GCC_WARN_UNUSED_FUNCTION = YES;
				GCC_WARN_UNUSED_VARIABLE = YES;
				IPHONEOS_DEPLOYMENT_TARGET = 16.0;
				MTL_ENABLE_DEBUG_INFO = NO;
				MTL_FAST_MATH = YES;
				SDKROOT = iphoneos;
				SWIFT_COMPILATION_MODE = wholemodule;
				SWIFT_OPTIMIZATION_LEVEL = "-O";
				VALIDATE_PRODUCT = YES;
			};
			name = Release;
		};
		206AD68728F58256001CC9D2 /* Debug */ = {
			isa = XCBuildConfiguration;
			buildSettings = {
				ASSETCATALOG_COMPILER_APPICON_NAME = AppIcon;
				ASSETCATALOG_COMPILER_GLOBAL_ACCENT_COLOR_NAME = AccentColor;
				CODE_SIGN_STYLE = Automatic;
				CURRENT_PROJECT_VERSION = 1;
				DEVELOPMENT_ASSET_PATHS = "\"Movies/Preview Content\"";
				DEVELOPMENT_TEAM = TH3R22Z883;
				ENABLE_PREVIEWS = YES;
				GENERATE_INFOPLIST_FILE = YES;
				INFOPLIST_KEY_UIApplicationSceneManifest_Generation = YES;
				INFOPLIST_KEY_UIApplicationSupportsIndirectInputEvents = YES;
				INFOPLIST_KEY_UILaunchScreen_Generation = YES;
				INFOPLIST_KEY_UISupportedInterfaceOrientations_iPad = "UIInterfaceOrientationPortrait UIInterfaceOrientationPortraitUpsideDown UIInterfaceOrientationLandscapeLeft UIInterfaceOrientationLandscapeRight";
				INFOPLIST_KEY_UISupportedInterfaceOrientations_iPhone = "UIInterfaceOrientationPortrait UIInterfaceOrientationLandscapeLeft UIInterfaceOrientationLandscapeRight";
				LD_RUNPATH_SEARCH_PATHS = (
					"$(inherited)",
					"@executable_path/Frameworks",
				);
				MARKETING_VERSION = 1.0;
				PRODUCT_BUNDLE_IDENTIFIER = com.hicret.movies.Movies;
				PRODUCT_NAME = "$(TARGET_NAME)";
				SWIFT_EMIT_LOC_STRINGS = YES;
				SWIFT_VERSION = 5.0;
				TARGETED_DEVICE_FAMILY = "1,2";
			};
			name = Debug;
		};
		206AD68828F58256001CC9D2 /* Release */ = {
			isa = XCBuildConfiguration;
			buildSettings = {
				ASSETCATALOG_COMPILER_APPICON_NAME = AppIcon;
				ASSETCATALOG_COMPILER_GLOBAL_ACCENT_COLOR_NAME = AccentColor;
				CODE_SIGN_STYLE = Automatic;
				CURRENT_PROJECT_VERSION = 1;
				DEVELOPMENT_ASSET_PATHS = "\"Movies/Preview Content\"";
				DEVELOPMENT_TEAM = TH3R22Z883;
				ENABLE_PREVIEWS = YES;
				GENERATE_INFOPLIST_FILE = YES;
				INFOPLIST_KEY_UIApplicationSceneManifest_Generation = YES;
				INFOPLIST_KEY_UIApplicationSupportsIndirectInputEvents = YES;
				INFOPLIST_KEY_UILaunchScreen_Generation = YES;
				INFOPLIST_KEY_UISupportedInterfaceOrientations_iPad = "UIInterfaceOrientationPortrait UIInterfaceOrientationPortraitUpsideDown UIInterfaceOrientationLandscapeLeft UIInterfaceOrientationLandscapeRight";
				INFOPLIST_KEY_UISupportedInterfaceOrientations_iPhone = "UIInterfaceOrientationPortrait UIInterfaceOrientationLandscapeLeft UIInterfaceOrientationLandscapeRight";
				LD_RUNPATH_SEARCH_PATHS = (
					"$(inherited)",
					"@executable_path/Frameworks",
				);
				MARKETING_VERSION = 1.0;
				PRODUCT_BUNDLE_IDENTIFIER = com.hicret.movies.Movies;
				PRODUCT_NAME = "$(TARGET_NAME)";
				SWIFT_EMIT_LOC_STRINGS = YES;
				SWIFT_VERSION = 5.0;
				TARGETED_DEVICE_FAMILY = "1,2";
			};
			name = Release;
		};
		206AD68A28F58256001CC9D2 /* Debug */ = {
			isa = XCBuildConfiguration;
			buildSettings = {
				ALWAYS_EMBED_SWIFT_STANDARD_LIBRARIES = YES;
				BUNDLE_LOADER = "$(TEST_HOST)";
				CODE_SIGN_STYLE = Automatic;
				CURRENT_PROJECT_VERSION = 1;
				DEVELOPMENT_TEAM = TH3R22Z883;
				GENERATE_INFOPLIST_FILE = YES;
				IPHONEOS_DEPLOYMENT_TARGET = 16.0;
				MARKETING_VERSION = 1.0;
				PRODUCT_BUNDLE_IDENTIFIER = com.hicret.movies.MoviesTests;
				PRODUCT_NAME = "$(TARGET_NAME)";
				SWIFT_EMIT_LOC_STRINGS = NO;
				SWIFT_VERSION = 5.0;
				TARGETED_DEVICE_FAMILY = "1,2";
				TEST_HOST = "$(BUILT_PRODUCTS_DIR)/Movies.app/$(BUNDLE_EXECUTABLE_FOLDER_PATH)/Movies";
			};
			name = Debug;
		};
		206AD68B28F58256001CC9D2 /* Release */ = {
			isa = XCBuildConfiguration;
			buildSettings = {
				ALWAYS_EMBED_SWIFT_STANDARD_LIBRARIES = YES;
				BUNDLE_LOADER = "$(TEST_HOST)";
				CODE_SIGN_STYLE = Automatic;
				CURRENT_PROJECT_VERSION = 1;
				DEVELOPMENT_TEAM = TH3R22Z883;
				GENERATE_INFOPLIST_FILE = YES;
				IPHONEOS_DEPLOYMENT_TARGET = 16.0;
				MARKETING_VERSION = 1.0;
				PRODUCT_BUNDLE_IDENTIFIER = com.hicret.movies.MoviesTests;
				PRODUCT_NAME = "$(TARGET_NAME)";
				SWIFT_EMIT_LOC_STRINGS = NO;
				SWIFT_VERSION = 5.0;
				TARGETED_DEVICE_FAMILY = "1,2";
				TEST_HOST = "$(BUILT_PRODUCTS_DIR)/Movies.app/$(BUNDLE_EXECUTABLE_FOLDER_PATH)/Movies";
			};
			name = Release;
		};
		206AD68D28F58256001CC9D2 /* Debug */ = {
			isa = XCBuildConfiguration;
			buildSettings = {
				ALWAYS_EMBED_SWIFT_STANDARD_LIBRARIES = YES;
				CODE_SIGN_STYLE = Automatic;
				CURRENT_PROJECT_VERSION = 1;
				DEVELOPMENT_TEAM = TH3R22Z883;
				GENERATE_INFOPLIST_FILE = YES;
				MARKETING_VERSION = 1.0;
				PRODUCT_BUNDLE_IDENTIFIER = com.hicret.movies.MoviesUITests;
				PRODUCT_NAME = "$(TARGET_NAME)";
				SWIFT_EMIT_LOC_STRINGS = NO;
				SWIFT_VERSION = 5.0;
				TARGETED_DEVICE_FAMILY = "1,2";
				TEST_TARGET_NAME = Movies;
			};
			name = Debug;
		};
		206AD68E28F58256001CC9D2 /* Release */ = {
			isa = XCBuildConfiguration;
			buildSettings = {
				ALWAYS_EMBED_SWIFT_STANDARD_LIBRARIES = YES;
				CODE_SIGN_STYLE = Automatic;
				CURRENT_PROJECT_VERSION = 1;
				DEVELOPMENT_TEAM = TH3R22Z883;
				GENERATE_INFOPLIST_FILE = YES;
				MARKETING_VERSION = 1.0;
				PRODUCT_BUNDLE_IDENTIFIER = com.hicret.movies.MoviesUITests;
				PRODUCT_NAME = "$(TARGET_NAME)";
				SWIFT_EMIT_LOC_STRINGS = NO;
				SWIFT_VERSION = 5.0;
				TARGETED_DEVICE_FAMILY = "1,2";
				TEST_TARGET_NAME = Movies;
			};
			name = Release;
		};
/* End XCBuildConfiguration section */

/* Begin XCConfigurationList section */
		206AD65828F58254001CC9D2 /* Build configuration list for PBXProject "Movies" */ = {
			isa = XCConfigurationList;
			buildConfigurations = (
				206AD68428F58256001CC9D2 /* Debug */,
				206AD68528F58256001CC9D2 /* Release */,
			);
			defaultConfigurationIsVisible = 0;
			defaultConfigurationName = Release;
		};
		206AD68628F58256001CC9D2 /* Build configuration list for PBXNativeTarget "Movies" */ = {
			isa = XCConfigurationList;
			buildConfigurations = (
				206AD68728F58256001CC9D2 /* Debug */,
				206AD68828F58256001CC9D2 /* Release */,
			);
			defaultConfigurationIsVisible = 0;
			defaultConfigurationName = Release;
		};
		206AD68928F58256001CC9D2 /* Build configuration list for PBXNativeTarget "MoviesTests" */ = {
			isa = XCConfigurationList;
			buildConfigurations = (
				206AD68A28F58256001CC9D2 /* Debug */,
				206AD68B28F58256001CC9D2 /* Release */,
			);
			defaultConfigurationIsVisible = 0;
			defaultConfigurationName = Release;
		};
		206AD68C28F58256001CC9D2 /* Build configuration list for PBXNativeTarget "MoviesUITests" */ = {
			isa = XCConfigurationList;
			buildConfigurations = (
				206AD68D28F58256001CC9D2 /* Debug */,
				206AD68E28F58256001CC9D2 /* Release */,
			);
			defaultConfigurationIsVisible = 0;
			defaultConfigurationName = Release;
		};
/* End XCConfigurationList section */

/* Begin XCVersionGroup section */
		206AD66B28F58256001CC9D2 /* Movies.xcdatamodeld */ = {
			isa = XCVersionGroup;
			children = (
				206AD66C28F58256001CC9D2 /* Movies.xcdatamodel */,
			);
			currentVersion = 206AD66C28F58256001CC9D2 /* Movies.xcdatamodel */;
			path = Movies.xcdatamodeld;
			sourceTree = "<group>";
			versionGroupType = wrapper.xcdatamodel;
		};
/* End XCVersionGroup section */
	};
	rootObject = 206AD65528F58254001CC9D2 /* Project object */;
}
